
Microsoft Visual Studio Solution File, Format Version 12.00
# Visual Studio Version 17
VisualStudioVersion = 17.10.35027.167
MinimumVisualStudioVersion = 10.0.40219.1
Project("{FAE04EC0-301F-11D3-BF4B-00C04F79EFBC}") = "calc-app", "calc-app.csproj", "{8ACA14E9-A31F-41CE-BB4E-520C7675320A}"
EndProject
Global
	GlobalSection(SolutionConfigurationPlatforms) = preSolution
		Debug|Any CPU = Debug|Any CPU
		Release|Any CPU = Release|Any CPU
	EndGlobalSection
	GlobalSection(ProjectConfigurationPlatforms) = postSolution
		{8ACA14E9-A31F-41CE-BB4E-520C7675320A}.Debug|Any CPU.ActiveCfg = Debug|Any CPU
		{8ACA14E9-A31F-41CE-BB4E-520C7675320A}.Debug|Any CPU.Build.0 = Debug|Any CPU
		{8ACA14E9-A31F-41CE-BB4E-520C7675320A}.Release|Any CPU.ActiveCfg = Release|Any CPU
		{8ACA14E9-A31F-41CE-BB4E-520C7675320A}.Release|Any CPU.Build.0 = Release|Any CPU
	EndGlobalSection
	GlobalSection(SolutionProperties) = preSolution
		HideSolutionNode = FALSE
	EndGlobalSection
	GlobalSection(ExtensibilityGlobals) = postSolution
		SolutionGuid = {A71F0F65-0159-4BBD-90A1-9459883D1405}
	EndGlobalSection
EndGlobal
